
Microsoft Visual Studio Solution File, Format Version 12.00
# Visual Studio Version 17
VisualStudioVersion = 17.14.36623.8
MinimumVisualStudioVersion = 10.0.40219.1
Project("{FAE04EC0-301F-11D3-BF4B-00C04F79EFBC}") = "HealthHub", "HealthHub\HealthHub.csproj", "{175ADC7A-5B00-4466-8AC9-BBE32B33F453}"
EndProject
Global
	GlobalSection(SolutionConfigurationPlatforms) = preSolution
		Debug|Any CPU = Debug|Any CPU
		Release|Any CPU = Release|Any CPU
	EndGlobalSection
	GlobalSection(ProjectConfigurationPlatforms) = postSolution
		{175ADC7A-5B00-4466-8AC9-BBE32B33F453}.Debug|Any CPU.ActiveCfg = Debug|Any CPU
		{175ADC7A-5B00-4466-8AC9-BBE32B33F453}.Debug|Any CPU.Build.0 = Debug|Any CPU
		{175ADC7A-5B00-4466-8AC9-BBE32B33F453}.Release|Any CPU.ActiveCfg = Release|Any CPU
		{175ADC7A-5B00-4466-8AC9-BBE32B33F453}.Release|Any CPU.Build.0 = Release|Any CPU
	EndGlobalSection
	GlobalSection(SolutionProperties) = preSolution
		HideSolutionNode = FALSE
	EndGlobalSection
	GlobalSection(ExtensibilityGlobals) = postSolution
		SolutionGuid = {2BD7A838-BD55-409D-8D92-8CD20D1B471C}
	EndGlobalSection
EndGlobal
